// !$*UTF8*$!
{
	archiveVersion = 1;
	classes = {
	};
	objectVersion = 50;
	objects = {

/* Begin PBXBuildFile section */
		47476E547884AF2C766E7672 /* libPods-GPUImageCamera.a in Frameworks */ = {isa = PBXBuildFile; fileRef = 379CAF6597E65FCFF1462E0A /* libPods-GPUImageCamera.a */; };
		C522479C221FEC9100FBE21D /* AppDelegate.m in Sources */ = {isa = PBXBuildFile; fileRef = C522479B221FEC9100FBE21D /* AppDelegate.m */; };
		C522479F221FEC9100FBE21D /* ViewController.m in Sources */ = {isa = PBXBuildFile; fileRef = C522479E221FEC9100FBE21D /* ViewController.m */; };
		C52247A2221FEC9100FBE21D /* Main.storyboard in Resources */ = {isa = PBXBuildFile; fileRef = C52247A0221FEC9100FBE21D /* Main.storyboard */; };
		C52247A4221FEC9300FBE21D /* Assets.xcassets in Resources */ = {isa = PBXBuildFile; fileRef = C52247A3221FEC9300FBE21D /* Assets.xcassets */; };
		C52247A7221FEC9300FBE21D /* LaunchScreen.storyboard in Resources */ = {isa = PBXBuildFile; fileRef = C52247A5221FEC9300FBE21D /* LaunchScreen.storyboard */; };
		C52247AA221FEC9300FBE21D /* main.m in Sources */ = {isa = PBXBuildFile; fileRef = C52247A9221FEC9300FBE21D /* main.m */; };
/* End PBXBuildFile section */

/* Begin PBXFileReference section */
		379CAF6597E65FCFF1462E0A /* libPods-GPUImageCamera.a */ = {isa = PBXFileReference; explicitFileType = archive.ar; includeInIndex = 0; path = "libPods-GPUImageCamera.a"; sourceTree = BUILT_PRODUCTS_DIR; };
		AE6314E5A6BE162BFC64CC3C /* Pods-GPUImageCamera.debug.xcconfig */ = {isa = PBXFileReference; includeInIndex = 1; lastKnownFileType = text.xcconfig; name = "Pods-GPUImageCamera.debug.xcconfig"; path = "Target Support Files/Pods-GPUImageCamera/Pods-GPUImageCamera.debug.xcconfig"; sourceTree = "<group>"; };
		C5224797221FEC9100FBE21D /* GPUImageCamera.app */ = {isa = PBXFileReference; explicitFileType = wrapper.application; includeInIndex = 0; path = GPUImageCamera.app; sourceTree = BUILT_PRODUCTS_DIR; };
		C522479A221FEC9100FBE21D /* AppDelegate.h */ = {isa = PBXFileReference; lastKnownFileType = sourcecode.c.h; path = AppDelegate.h; sourceTree = "<group>"; };
		C522479B221FEC9100FBE21D /* AppDelegate.m */ = {isa = PBXFileReference; lastKnownFileType = sourcecode.c.objc; path = AppDelegate.m; sourceTree = "<group>"; };
		C522479D221FEC9100FBE21D /* ViewController.h */ = {isa = PBXFileReference; lastKnownFileType = sourcecode.c.h; path = ViewController.h; sourceTree = "<group>"; };
		C522479E221FEC9100FBE21D /* ViewController.m */ = {isa = PBXFileReference; lastKnownFileType = sourcecode.c.objc; path = ViewController.m; sourceTree = "<group>"; };
		C52247A1221FEC9100FBE21D /* Base */ = {isa = PBXFileReference; lastKnownFileType = file.storyboard; name = Base; path = Base.lproj/Main.storyboard; sourceTree = "<group>"; };
		C52247A3221FEC9300FBE21D /* Assets.xcassets */ = {isa = PBXFileReference; lastKnownFileType = folder.assetcatalog; path = Assets.xcassets; sourceTree = "<group>"; };
		C52247A6221FEC9300FBE21D /* Base */ = {isa = PBXFileReference; lastKnownFileType = file.storyboard; name = Base; path = Base.lproj/LaunchScreen.storyboard; sourceTree = "<group>"; };
		C52247A8221FEC9300FBE21D /* Info.plist */ = {isa = PBXFileReference; lastKnownFileType = text.plist.xml; path = Info.plist; sourceTree = "<group>"; };
		C52247A9221FEC9300FBE21D /* main.m */ = {isa = PBXFileReference; lastKnownFileType = sourcecode.c.objc; path = main.m; sourceTree = "<group>"; };
		CD951F3FB95795B5753A57CB /* Pods-GPUImageCamera.release.xcconfig */ = {isa = PBXFileReference; includeInIndex = 1; lastKnownFileType = text.xcconfig; name = "Pods-GPUImageCamera.release.xcconfig"; path = "Target Support Files/Pods-GPUImageCamera/Pods-GPUImageCamera.release.xcconfig"; sourceTree = "<group>"; };
/* End PBXFileReference section */

/* Begin PBXFrameworksBuildPhase section */
		C5224794221FEC9100FBE21D /* Frameworks */ = {
			isa = PBXFrameworksBuildPhase;
			buildActionMask = 2147483647;
			files = (
				47476E547884AF2C766E7672 /* libPods-GPUImageCamera.a in Frameworks */,
			);
			runOnlyForDeploymentPostprocessing = 0;
		};
/* End PBXFrameworksBuildPhase section */

/* Begin PBXGroup section */
		4673604AF2A703E1AE098D08 /* Pods */ = {
			isa = PBXGroup;
			children = (
				AE6314E5A6BE162BFC64CC3C /* Pods-GPUImageCamera.debug.xcconfig */,
				CD951F3FB95795B5753A57CB /* Pods-GPUImageCamera.release.xcconfig */,
			);
			path = Pods;
			sourceTree = "<group>";
		};
		C522478E221FEC9100FBE21D = {
			isa = PBXGroup;
			children = (
				C5224799221FEC9100FBE21D /* GPUImageCamera */,
				C5224798221FEC9100FBE21D /* Products */,
				4673604AF2A703E1AE098D08 /* Pods */,
				FA80F674B312E443488D6A77 /* Frameworks */,
			);
			sourceTree = "<group>";
		};
		C5224798221FEC9100FBE21D /* Products */ = {
			isa = PBXGroup;
			children = (
				C5224797221FEC9100FBE21D /* GPUImageCamera.app */,
			);
			name = Products;
			sourceTree = "<group>";
		};
		C5224799221FEC9100FBE21D /* GPUImageCamera */ = {
			isa = PBXGroup;
			children = (
				C522479A221FEC9100FBE21D /* AppDelegate.h */,
				C522479B221FEC9100FBE21D /* AppDelegate.m */,
				C522479D221FEC9100FBE21D /* ViewController.h */,
				C522479E221FEC9100FBE21D /* ViewController.m */,
				C52247A0221FEC9100FBE21D /* Main.storyboard */,
				C52247A3221FEC9300FBE21D /* Assets.xcassets */,
				C52247A5221FEC9300FBE21D /* LaunchScreen.storyboard */,
				C52247A8221FEC9300FBE21D /* Info.plist */,
				C52247A9221FEC9300FBE21D /* main.m */,
			);
			path = GPUImageCamera;
			sourceTree = "<group>";
		};
		FA80F674B312E443488D6A77 /* Frameworks */ = {
			isa = PBXGroup;
			children = (
				379CAF6597E65FCFF1462E0A /* libPods-GPUImageCamera.a */,
			);
			name = Frameworks;
			sourceTree = "<group>";
		};
/* End PBXGroup section */

/* Begin PBXNativeTarget section */
		C5224796221FEC9100FBE21D /* GPUImageCamera */ = {
			isa = PBXNativeTarget;
			buildConfigurationList = C52247AD221FEC9300FBE21D /* Build configuration list for PBXNativeTarget "GPUImageCamera" */;
			buildPhases = (
				BD6FF3DFC194DBB78589A0F1 /* [CP] Check Pods Manifest.lock */,
				C5224793221FEC9100FBE21D /* Sources */,
				C5224794221FEC9100FBE21D /* Frameworks */,
				C5224795221FEC9100FBE21D /* Resources */,
				CDF9BBC07B604AD246035E03 /* [CP] Copy Pods Resources */,
			);
			buildRules = (
			);
			dependencies = (
			);
			name = GPUImageCamera;
			productName = GPUImageCamera;
			productReference = C5224797221FEC9100FBE21D /* GPUImageCamera.app */;
			productType = "com.apple.product-type.application";
		};
/* End PBXNativeTarget section */

/* Begin PBXProject section */
		C522478F221FEC9100FBE21D /* Project object */ = {
			isa = PBXProject;
			attributes = {
				LastUpgradeCheck = 1010;
				ORGANIZATIONNAME = meitu;
				TargetAttributes = {
					C5224796221FEC9100FBE21D = {
						CreatedOnToolsVersion = 10.1;
					};
				};
			};
			buildConfigurationList = C5224792221FEC9100FBE21D /* Build configuration list for PBXProject "GPUImageCamera" */;
			compatibilityVersion = "Xcode 9.3";
			developmentRegion = en;
			hasScannedForEncodings = 0;
			knownRegions = (
				en,
				Base,
			);
			mainGroup = C522478E221FEC9100FBE21D;
			productRefGroup = C5224798221FEC9100FBE21D /* Products */;
			projectDirPath = "";
			projectRoot = "";
			targets = (
				C5224796221FEC9100FBE21D /* GPUImageCamera */,
			);
		};
/* End PBXProject section */

/* Begin PBXResourcesBuildPhase section */
		C5224795221FEC9100FBE21D /* Resources */ = {
			isa = PBXResourcesBuildPhase;
			buildActionMask = 2147483647;
			files = (
				C52247A7221FEC9300FBE21D /* LaunchScreen.storyboard in Resources */,
				C52247A4221FEC9300FBE21D /* Assets.xcassets in Resources */,
				C52247A2221FEC9100FBE21D /* Main.storyboard in Resources */,
			);
			runOnlyForDeploymentPostprocessing = 0;
		};
/* End PBXResourcesBuildPhase section */

/* Begin PBXShellScriptBuildPhase section */
		BD6FF3DFC194DBB78589A0F1 /* [CP] Check Pods Manifest.lock */ = {
			isa = PBXShellScriptBuildPhase;
			buildActionMask = 2147483647;
			files = (
			);
			inputFileListPaths = (
			);
			inputPaths = (
				"${PODS_PODFILE_DIR_PATH}/Podfile.lock",
				"${PODS_ROOT}/Manifest.lock",
			);
			name = "[CP] Check Pods Manifest.lock";
			outputFileListPaths = (
			);
			outputPaths = (
				"$(DERIVED_FILE_DIR)/Pods-GPUImageCamera-checkManifestLockResult.txt",
			);
			runOnlyForDeploymentPostprocessing = 0;
			shellPath = /bin/sh;
			shellScript = "diff \"${PODS_PODFILE_DIR_PATH}/Podfile.lock\" \"${PODS_ROOT}/Manifest.lock\" > /dev/null\nif [ $? != 0 ] ; then\n    # print error to STDERR\n    echo \"error: The sandbox is not in sync with the Podfile.lock. Run 'pod install' or update your CocoaPods installation.\" >&2\n    exit 1\nfi\n# This output is used by Xcode 'outputs' to avoid re-running this script phase.\necho \"SUCCESS\" > \"${SCRIPT_OUTPUT_FILE_0}\"\n";
			showEnvVarsInLog = 0;
		};
		CDF9BBC07B604AD246035E03 /* [CP] Copy Pods Resources */ = {
			isa = PBXShellScriptBuildPhase;
			buildActionMask = 2147483647;
			files = (
			);
			inputFileListPaths = (
			);
			inputPaths = (
				"${PODS_ROOT}/Target Support Files/Pods-GPUImageCamera/Pods-GPUImageCamera-resources.sh",
				"${PODS_ROOT}/GPUImage/framework/Resources/lookup.png",
				"${PODS_ROOT}/GPUImage/framework/Resources/lookup_amatorka.png",
				"${PODS_ROOT}/GPUImage/framework/Resources/lookup_miss_etikate.png",
				"${PODS_ROOT}/GPUImage/framework/Resources/lookup_soft_elegance_1.png",
				"${PODS_ROOT}/GPUImage/framework/Resources/lookup_soft_elegance_2.png",
			);
			name = "[CP] Copy Pods Resources";
			outputFileListPaths = (
			);
			outputPaths = (
				"${TARGET_BUILD_DIR}/${UNLOCALIZED_RESOURCES_FOLDER_PATH}/lookup.png",
				"${TARGET_BUILD_DIR}/${UNLOCALIZED_RESOURCES_FOLDER_PATH}/lookup_amatorka.png",
				"${TARGET_BUILD_DIR}/${UNLOCALIZED_RESOURCES_FOLDER_PATH}/lookup_miss_etikate.png",
				"${TARGET_BUILD_DIR}/${UNLOCALIZED_RESOURCES_FOLDER_PATH}/lookup_soft_elegance_1.png",
				"${TARGET_BUILD_DIR}/${UNLOCALIZED_RESOURCES_FOLDER_PATH}/lookup_soft_elegance_2.png",
			);
			runOnlyForDeploymentPostprocessing = 0;
			shellPath = /bin/sh;
			shellScript = "\"${PODS_ROOT}/Target Support Files/Pods-GPUImageCamera/Pods-GPUImageCamera-resources.sh\"\n";
			showEnvVarsInLog = 0;
		};
/* End PBXShellScriptBuildPhase section */

/* Begin PBXSourcesBuildPhase section */
		C5224793221FEC9100FBE21D /* Sources */ = {
			isa = PBXSourcesBuildPhase;
			buildActionMask = 2147483647;
			files = (
				C522479F221FEC9100FBE21D /* ViewController.m in Sources */,
				C52247AA221FEC9300FBE21D /* main.m in Sources */,
				C522479C221FEC9100FBE21D /* AppDelegate.m in Sources */,
			);
			runOnlyForDeploymentPostprocessing = 0;
		};
/* End PBXSourcesBuildPhase section */

/* Begin PBXVariantGroup section */
		C52247A0221FEC9100FBE21D /* Main.storyboard */ = {
			isa = PBXVariantGroup;
			children = (
				C52247A1221FEC9100FBE21D /* Base */,
			);
			name = Main.storyboard;
			sourceTree = "<group>";
		};
		C52247A5221FEC9300FBE21D /* LaunchScreen.storyboard */ = {
			isa = PBXVariantGroup;
			children = (
				C52247A6221FEC9300FBE21D /* Base */,
			);
			name = LaunchScreen.storyboard;
			sourceTree = "<group>";
		};
/* End PBXVariantGroup section */

/* Begin XCBuildConfiguration section */
		C52247AB221FEC9300FBE21D /* Debug */ = {
			isa = XCBuildConfiguration;
			buildSettings = {
				ALWAYS_SEARCH_USER_PATHS = NO;
				CLANG_ANALYZER_NONNULL = YES;
				CLANG_ANALYZER_NUMBER_OBJECT_CONVERSION = YES_AGGRESSIVE;
				CLANG_CXX_LANGUAGE_STANDARD = "gnu++14";
				CLANG_CXX_LIBRARY = "libc++";
				CLANG_ENABLE_MODULES = YES;
				CLANG_ENABLE_OBJC_ARC = YES;
				CLANG_ENABLE_OBJC_WEAK = YES;
				CLANG_WARN_BLOCK_CAPTURE_AUTORELEASING = YES;
				CLANG_WARN_BOOL_CONVERSION = YES;
				CLANG_WARN_COMMA = YES;
				CLANG_WARN_CONSTANT_CONVERSION = YES;
				CLANG_WARN_DEPRECATED_OBJC_IMPLEMENTATIONS = YES;
				CLANG_WARN_DIRECT_OBJC_ISA_USAGE = YES_ERROR;
				CLANG_WARN_DOCUMENTATION_COMMENTS = YES;
				CLANG_WARN_EMPTY_BODY = YES;
				CLANG_WARN_ENUM_CONVERSION = YES;
				CLANG_WARN_INFINITE_RECURSION = YES;
				CLANG_WARN_INT_CONVERSION = YES;
				CLANG_WARN_NON_LITERAL_NULL_CONVERSION = YES;
				CLANG_WARN_OBJC_IMPLICIT_RETAIN_SELF = YES;
				CLANG_WARN_OBJC_LITERAL_CONVERSION = YES;
				CLANG_WARN_OBJC_ROOT_CLASS = YES_ERROR;
				CLANG_WARN_RANGE_LOOP_ANALYSIS = YES;
				CLANG_WARN_STRICT_PROTOTYPES = YES;
				CLANG_WARN_SUSPICIOUS_MOVE = YES;
				CLANG_WARN_UNGUARDED_AVAILABILITY = YES_AGGRESSIVE;
				CLANG_WARN_UNREACHABLE_CODE = YES;
				CLANG_WARN__DUPLICATE_METHOD_MATCH = YES;
				CODE_SIGN_IDENTITY = "iPhone Developer";
				COPY_PHASE_STRIP = NO;
				DEBUG_INFORMATION_FORMAT = dwarf;
				ENABLE_STRICT_OBJC_MSGSEND = YES;
				ENABLE_TESTABILITY = YES;
				GCC_C_LANGUAGE_STANDARD = gnu11;
				GCC_DYNAMIC_NO_PIC = NO;
				GCC_NO_COMMON_BLOCKS = YES;
				GCC_OPTIMIZATION_LEVEL = 0;
				GCC_PREPROCESSOR_DEFINITIONS = (
					"DEBUG=1",
					"$(inherited)",
				);
				GCC_WARN_64_TO_32_BIT_CONVERSION = YES;
				GCC_WARN_ABOUT_RETURN_TYPE = YES_ERROR;
				GCC_WARN_UNDECLARED_SELECTOR = YES;
				GCC_WARN_UNINITIALIZED_AUTOS = YES_AGGRESSIVE;
				GCC_WARN_UNUSED_FUNCTION = YES;
				GCC_WARN_UNUSED_VARIABLE = YES;
				IPHONEOS_DEPLOYMENT_TARGET = 12.1;
				MTL_ENABLE_DEBUG_INFO = INCLUDE_SOURCE;
				MTL_FAST_MATH = YES;
				ONLY_ACTIVE_ARCH = YES;
				SDKROOT = iphoneos;
			};
			name = Debug;
		};
		C52247AC221FEC9300FBE21D /* Release */ = {
			isa = XCBuildConfiguration;
			buildSettings = {
				ALWAYS_SEARCH_USER_PATHS = NO;
				CLANG_ANALYZER_NONNULL = YES;
				CLANG_ANALYZER_NUMBER_OBJECT_CONVERSION = YES_AGGRESSIVE;
				CLANG_CXX_LANGUAGE_STANDARD = "gnu++14";
				CLANG_CXX_LIBRARY = "libc++";
				CLANG_ENABLE_MODULES = YES;
				CLANG_ENABLE_OBJC_ARC = YES;
				CLANG_ENABLE_OBJC_WEAK = YES;
				CLANG_WARN_BLOCK_CAPTURE_AUTORELEASING = YES;
				CLANG_WARN_BOOL_CONVERSION = YES;
				CLANG_WARN_COMMA = YES;
				CLANG_WARN_CONSTANT_CONVERSION = YES;
				CLANG_WARN_DEPRECATED_OBJC_IMPLEMENTATIONS = YES;
				CLANG_WARN_DIRECT_OBJC_ISA_USAGE = YES_ERROR;
				CLANG_WARN_DOCUMENTATION_COMMENTS = YES;
				CLANG_WARN_EMPTY_BODY = YES;
				CLANG_WARN_ENUM_CONVERSION = YES;
				CLANG_WARN_INFINITE_RECURSION = YES;
				CLANG_WARN_INT_CONVERSION = YES;
				CLANG_WARN_NON_LITERAL_NULL_CONVERSION = YES;
				CLANG_WARN_OBJC_IMPLICIT_RETAIN_SELF = YES;
				CLANG_WARN_OBJC_LITERAL_CONVERSION = YES;
				CLANG_WARN_OBJC_ROOT_CLASS = YES_ERROR;
				CLANG_WARN_RANGE_LOOP_ANALYSIS = YES;
				CLANG_WARN_STRICT_PROTOTYPES = YES;
				CLANG_WARN_SUSPICIOUS_MOVE = YES;
				CLANG_WARN_UNGUARDED_AVAILABILITY = YES_AGGRESSIVE;
				CLANG_WARN_UNREACHABLE_CODE = YES;
				CLANG_WARN__DUPLICATE_METHOD_MATCH = YES;
				CODE_SIGN_IDENTITY = "iPhone Developer";
				COPY_PHASE_STRIP = NO;
				DEBUG_INFORMATION_FORMAT = "dwarf-with-dsym";
				ENABLE_NS_ASSERTIONS = NO;
				ENABLE_STRICT_OBJC_MSGSEND = YES;
				GCC_C_LANGUAGE_STANDARD = gnu11;
				GCC_NO_COMMON_BLOCKS = YES;
				GCC_WARN_64_TO_32_BIT_CONVERSION = YES;
				GCC_WARN_ABOUT_RETURN_TYPE = YES_ERROR;
				GCC_WARN_UNDECLARED_SELECTOR = YES;
				GCC_WARN_UNINITIALIZED_AUTOS = YES_AGGRESSIVE;
				GCC_WARN_UNUSED_FUNCTION = YES;
				GCC_WARN_UNUSED_VARIABLE = YES;
				IPHONEOS_DEPLOYMENT_TARGET = 12.1;
				MTL_ENABLE_DEBUG_INFO = NO;
				MTL_FAST_MATH = YES;
				SDKROOT = iphoneos;
				VALIDATE_PRODUCT = YES;
			};
			name = Release;
		};
		C52247AE221FEC9300FBE21D /* Debug */ = {
			isa = XCBuildConfiguration;
			baseConfigurationReference = AE6314E5A6BE162BFC64CC3C /* Pods-GPUImageCamera.debug.xcconfig */;
			buildSettings = {
				ASSETCATALOG_COMPILER_APPICON_NAME = AppIcon;
				CODE_SIGN_STYLE = Automatic;
				DEVELOPMENT_TEAM = 68A6PPJ4F3;
				INFOPLIST_FILE = GPUImageCamera/Info.plist;
				IPHONEOS_DEPLOYMENT_TARGET = 9.0;
				LD_RUNPATH_SEARCH_PATHS = (
					"$(inherited)",
					"@executable_path/Frameworks",
				);
				PRODUCT_BUNDLE_IDENTIFIER = meitu.GPUImageCamera;
				PRODUCT_NAME = "$(TARGET_NAME)";
				TARGETED_DEVICE_FAMILY = "1,2";
			};
			name = Debug;
		};
		C52247AF221FEC9300FBE21D /* Release */ = {
			isa = XCBuildConfiguration;
			baseConfigurationReference = CD951F3FB95795B5753A57CB /* Pods-GPUImageCamera.release.xcconfig */;
			buildSettings = {
				ASSETCATALOG_COMPILER_APPICON_NAME = AppIcon;
				CODE_SIGN_STYLE = Automatic;
				DEVELOPMENT_TEAM = 68A6PPJ4F3;
				INFOPLIST_FILE = GPUImageCamera/Info.plist;
				IPHONEOS_DEPLOYMENT_TARGET = 9.0;
				LD_RUNPATH_SEARCH_PATHS = (
					"$(inherited)",
					"@executable_path/Frameworks",
				);
				PRODUCT_BUNDLE_IDENTIFIER = meitu.GPUImageCamera;
				PRODUCT_NAME = "$(TARGET_NAME)";
				TARGETED_DEVICE_FAMILY = "1,2";
			};
			name = Release;
		};
/* End XCBuildConfiguration section */

/* Begin XCConfigurationList section */
		C5224792221FEC9100FBE21D /* Build configuration list for PBXProject "GPUImageCamera" */ = {
			isa = XCConfigurationList;
			buildConfigurations = (
				C52247AB221FEC9300FBE21D /* Debug */,
				C52247AC221FEC9300FBE21D /* Release */,
			);
			defaultConfigurationIsVisible = 0;
			defaultConfigurationName = Release;
		};
		C52247AD221FEC9300FBE21D /* Build configuration list for PBXNativeTarget "GPUImageCamera" */ = {
			isa = XCConfigurationList;
			buildConfigurations = (
				C52247AE221FEC9300FBE21D /* Debug */,
				C52247AF221FEC9300FBE21D /* Release */,
			);
			defaultConfigurationIsVisible = 0;
			defaultConfigurationName = Release;
		};
/* End XCConfigurationList section */
	};
	rootObject = C522478F221FEC9100FBE21D /* Project object */;
}
